
Microsoft Visual Studio Solution File, Format Version 12.00
# Visual Studio Version 16
VisualStudioVersion = 16.0.29519.181
MinimumVisualStudioVersion = 10.0.40219.1
Project("{FAE04EC0-301F-11D3-BF4B-00C04F79EFBC}") = "Aros Calculator", "Aros Calculator\Aros Calculator.csproj", "{B7644984-61DD-4AF2-B108-BF3A9740BDAF}"
EndProject
Global
	GlobalSection(SolutionConfigurationPlatforms) = preSolution
		Debug|Any CPU = Debug|Any CPU
		Release|Any CPU = Release|Any CPU
	EndGlobalSection
	GlobalSection(ProjectConfigurationPlatforms) = postSolution
		{B7644984-61DD-4AF2-B108-BF3A9740BDAF}.Debug|Any CPU.ActiveCfg = Debug|Any CPU
		{B7644984-61DD-4AF2-B108-BF3A9740BDAF}.Debug|Any CPU.Build.0 = Debug|Any CPU
		{B7644984-61DD-4AF2-B108-BF3A9740BDAF}.Release|Any CPU.ActiveCfg = Release|Any CPU
		{B7644984-61DD-4AF2-B108-BF3A9740BDAF}.Release|Any CPU.Build.0 = Release|Any CPU
	EndGlobalSection
	GlobalSection(SolutionProperties) = preSolution
		HideSolutionNode = FALSE
	EndGlobalSection
	GlobalSection(ExtensibilityGlobals) = postSolution
		SolutionGuid = {892AF82A-44AA-4CDA-9655-3CDAE0F42539}
	EndGlobalSection
EndGlobal
